{
  "name": "playwright-scraping",
  "version": "1.0.0",
  "lockfileVersion": 1,
  "requires": true,
  "dependencies": {
    "json-stringify-safe": {
      "version": "5.0.1",
      "resolved": "https://registry.npmjs.org/json-stringify-safe/-/json-stringify-safe-5.0.1.tgz",
      "integrity": "sha512-ZClg6AaYvamvYEE82d3Iyd3vSSIjQ+odgjaTzRuO3s7toCdFKczob2i0zCh7JE8kWn17yvAWhUVxvqGwUalsRA=="
    },
    "playwright": {
      "version": "1.23.3",
      "resolved": "https://registry.npmjs.org/playwright/-/playwright-1.23.3.tgz",
      "integrity": "sha512-4uPqXU1PBTBnNhqIyuz+WmvjlMNrt+Rje8lwBf3RpUP9UCjP8G41qrr/vDUbMoHhQaUfdWeDuZAkPUxAv5Ag8g==",
      "requires": {
        "playwright-core": "1.23.3"
      },
      "dependencies": {
        "playwright-core": {
          "version": "1.23.3",
          "resolved": "https://registry.npmjs.org/playwright-core/-/playwright-core-1.23.3.tgz",
          "integrity": "sha512-x35yzsXDyo0BIXYimLnUFNyb42c//NadUNH6IPGOteZm96oTGA1kn4Hq6qJTI1/f9wEc1F9O1DsznXIgXMil7A=="
        }
      }
    },
    "prettier": {
      "version": "2.7.1",
      "resolved": "https://registry.npmjs.org/prettier/-/prettier-2.7.1.tgz",
      "integrity": "sha512-ujppO+MkdPqoVINuDFDRLClm7D78qbDt0/NR+wp5FqEZOoTNAjPHWj17QRhu7geIHJfcNhRk1XVQmF8Bp3ye+g=="
    },
    "random-seed": {
      "version": "0.3.0",
      "resolved": "https://registry.npmjs.org/random-seed/-/random-seed-0.3.0.tgz",
      "integrity": "sha512-y13xtn3kcTlLub3HKWXxJNeC2qK4mB59evwZ5EkeRlolx+Bp2ztF7LbcZmyCnOqlHQrLnfuNbi1sVmm9lPDlDA==",
      "requires": {
        "json-stringify-safe": "^5.0.1"
      }
    },
    "random-useragent": {
      "version": "0.5.0",
      "resolved": "https://registry.npmjs.org/random-useragent/-/random-useragent-0.5.0.tgz",
      "integrity": "sha512-FUMkqVdZeoSff5tErNL3FFGYXElDWZ1bEuedhm5u9MdCFwANriJWbHvDRYrLTOzp/fBsBGu5J1cWtDgifa97aQ==",
      "requires": {
        "random-seed": "^0.3.0"
      }
    }
  }
}
